// !$*UTF8*$!
{
	archiveVersion = 1;
	classes = {
	};
	objectVersion = 50;
	objects = {

/* Begin PBXBuildFile section */
		F8FCC86525749F4F0098487D /* AppDelegate.swift in Sources */ = {isa = PBXBuildFile; fileRef = F8FCC86425749F4F0098487D /* AppDelegate.swift */; };
		F8FCC86725749F4F0098487D /* SceneDelegate.swift in Sources */ = {isa = PBXBuildFile; fileRef = F8FCC86625749F4F0098487D /* SceneDelegate.swift */; };
		F8FCC86925749F4F0098487D /* ViewController.swift in Sources */ = {isa = PBXBuildFile; fileRef = F8FCC86825749F4F0098487D /* ViewController.swift */; };
		F8FCC86C25749F4F0098487D /* Main.storyboard in Resources */ = {isa = PBXBuildFile; fileRef = F8FCC86A25749F4F0098487D /* Main.storyboard */; };
		F8FCC86F25749F4F0098487D /* PersonalityQuiz.xcdatamodeld in Sources */ = {isa = PBXBuildFile; fileRef = F8FCC86D25749F4F0098487D /* PersonalityQuiz.xcdatamodeld */; };
		F8FCC87125749F540098487D /* Assets.xcassets in Resources */ = {isa = PBXBuildFile; fileRef = F8FCC87025749F540098487D /* Assets.xcassets */; };
		F8FCC87425749F540098487D /* LaunchScreen.storyboard in Resources */ = {isa = PBXBuildFile; fileRef = F8FCC87225749F540098487D /* LaunchScreen.storyboard */; };
		F8FCC87F25749F540098487D /* PersonalityQuizTests.swift in Sources */ = {isa = PBXBuildFile; fileRef = F8FCC87E25749F540098487D /* PersonalityQuizTests.swift */; };
		F8FCC88A25749F540098487D /* PersonalityQuizUITests.swift in Sources */ = {isa = PBXBuildFile; fileRef = F8FCC88925749F540098487D /* PersonalityQuizUITests.swift */; };
/* End PBXBuildFile section */

/* Begin PBXContainerItemProxy section */
		F8FCC87B25749F540098487D /* PBXContainerItemProxy */ = {
			isa = PBXContainerItemProxy;
			containerPortal = F8FCC85925749F4F0098487D /* Project object */;
			proxyType = 1;
			remoteGlobalIDString = F8FCC86025749F4F0098487D;
			remoteInfo = PersonalityQuiz;
		};
		F8FCC88625749F540098487D /* PBXContainerItemProxy */ = {
			isa = PBXContainerItemProxy;
			containerPortal = F8FCC85925749F4F0098487D /* Project object */;
			proxyType = 1;
			remoteGlobalIDString = F8FCC86025749F4F0098487D;
			remoteInfo = PersonalityQuiz;
		};
/* End PBXContainerItemProxy section */

/* Begin PBXFileReference section */
		F8FCC86125749F4F0098487D /* PersonalityQuiz.app */ = {isa = PBXFileReference; explicitFileType = wrapper.application; includeInIndex = 0; path = PersonalityQuiz.app; sourceTree = BUILT_PRODUCTS_DIR; };
		F8FCC86425749F4F0098487D /* AppDelegate.swift */ = {isa = PBXFileReference; lastKnownFileType = sourcecode.swift; path = AppDelegate.swift; sourceTree = "<group>"; };
		F8FCC86625749F4F0098487D /* SceneDelegate.swift */ = {isa = PBXFileReference; lastKnownFileType = sourcecode.swift; path = SceneDelegate.swift; sourceTree = "<group>"; };
		F8FCC86825749F4F0098487D /* ViewController.swift */ = {isa = PBXFileReference; lastKnownFileType = sourcecode.swift; path = ViewController.swift; sourceTree = "<group>"; };
		F8FCC86B25749F4F0098487D /* Base */ = {isa = PBXFileReference; lastKnownFileType = file.storyboard; name = Base; path = Base.lproj/Main.storyboard; sourceTree = "<group>"; };
		F8FCC86E25749F4F0098487D /* PersonalityQuiz.xcdatamodel */ = {isa = PBXFileReference; lastKnownFileType = wrapper.xcdatamodel; path = PersonalityQuiz.xcdatamodel; sourceTree = "<group>"; };
		F8FCC87025749F540098487D /* Assets.xcassets */ = {isa = PBXFileReference; lastKnownFileType = folder.assetcatalog; path = Assets.xcassets; sourceTree = "<group>"; };
		F8FCC87325749F540098487D /* Base */ = {isa = PBXFileReference; lastKnownFileType = file.storyboard; name = Base; path = Base.lproj/LaunchScreen.storyboard; sourceTree = "<group>"; };
		F8FCC87525749F540098487D /* Info.plist */ = {isa = PBXFileReference; lastKnownFileType = text.plist.xml; path = Info.plist; sourceTree = "<group>"; };
		F8FCC87A25749F540098487D /* PersonalityQuizTests.xctest */ = {isa = PBXFileReference; explicitFileType = wrapper.cfbundle; includeInIndex = 0; path = PersonalityQuizTests.xctest; sourceTree = BUILT_PRODUCTS_DIR; };
		F8FCC87E25749F540098487D /* PersonalityQuizTests.swift */ = {isa = PBXFileReference; lastKnownFileType = sourcecode.swift; path = PersonalityQuizTests.swift; sourceTree = "<group>"; };
		F8FCC88025749F540098487D /* Info.plist */ = {isa = PBXFileReference; lastKnownFileType = text.plist.xml; path = Info.plist; sourceTree = "<group>"; };
		F8FCC88525749F540098487D /* PersonalityQuizUITests.xctest */ = {isa = PBXFileReference; explicitFileType = wrapper.cfbundle; includeInIndex = 0; path = PersonalityQuizUITests.xctest; sourceTree = BUILT_PRODUCTS_DIR; };
		F8FCC88925749F540098487D /* PersonalityQuizUITests.swift */ = {isa = PBXFileReference; lastKnownFileType = sourcecode.swift; path = PersonalityQuizUITests.swift; sourceTree = "<group>"; };
		F8FCC88B25749F540098487D /* Info.plist */ = {isa = PBXFileReference; lastKnownFileType = text.plist.xml; path = Info.plist; sourceTree = "<group>"; };
/* End PBXFileReference section */

/* Begin PBXFrameworksBuildPhase section */
		F8FCC85E25749F4F0098487D /* Frameworks */ = {
			isa = PBXFrameworksBuildPhase;
			buildActionMask = 2147483647;
			files = (
			);
			runOnlyForDeploymentPostprocessing = 0;
		};
		F8FCC87725749F540098487D /* Frameworks */ = {
			isa = PBXFrameworksBuildPhase;
			buildActionMask = 2147483647;
			files = (
			);
			runOnlyForDeploymentPostprocessing = 0;
		};
		F8FCC88225749F540098487D /* Frameworks */ = {
			isa = PBXFrameworksBuildPhase;
			buildActionMask = 2147483647;
			files = (
			);
			runOnlyForDeploymentPostprocessing = 0;
		};
/* End PBXFrameworksBuildPhase section */

/* Begin PBXGroup section */
		F8FCC85825749F4F0098487D = {
			isa = PBXGroup;
			children = (
				F8FCC86325749F4F0098487D /* PersonalityQuiz */,
				F8FCC87D25749F540098487D /* PersonalityQuizTests */,
				F8FCC88825749F540098487D /* PersonalityQuizUITests */,
				F8FCC86225749F4F0098487D /* Products */,
			);
			sourceTree = "<group>";
		};
		F8FCC86225749F4F0098487D /* Products */ = {
			isa = PBXGroup;
			children = (
				F8FCC86125749F4F0098487D /* PersonalityQuiz.app */,
				F8FCC87A25749F540098487D /* PersonalityQuizTests.xctest */,
				F8FCC88525749F540098487D /* PersonalityQuizUITests.xctest */,
			);
			name = Products;
			sourceTree = "<group>";
		};
		F8FCC86325749F4F0098487D /* PersonalityQuiz */ = {
			isa = PBXGroup;
			children = (
				F8FCC86425749F4F0098487D /* AppDelegate.swift */,
				F8FCC86625749F4F0098487D /* SceneDelegate.swift */,
				F8FCC86825749F4F0098487D /* ViewController.swift */,
				F8FCC86A25749F4F0098487D /* Main.storyboard */,
				F8FCC87025749F540098487D /* Assets.xcassets */,
				F8FCC87225749F540098487D /* LaunchScreen.storyboard */,
				F8FCC87525749F540098487D /* Info.plist */,
				F8FCC86D25749F4F0098487D /* PersonalityQuiz.xcdatamodeld */,
			);
			path = PersonalityQuiz;
			sourceTree = "<group>";
		};
		F8FCC87D25749F540098487D /* PersonalityQuizTests */ = {
			isa = PBXGroup;
			children = (
				F8FCC87E25749F540098487D /* PersonalityQuizTests.swift */,
				F8FCC88025749F540098487D /* Info.plist */,
			);
			path = PersonalityQuizTests;
			sourceTree = "<group>";
		};
		F8FCC88825749F540098487D /* PersonalityQuizUITests */ = {
			isa = PBXGroup;
			children = (
				F8FCC88925749F540098487D /* PersonalityQuizUITests.swift */,
				F8FCC88B25749F540098487D /* Info.plist */,
			);
			path = PersonalityQuizUITests;
			sourceTree = "<group>";
		};
/* End PBXGroup section */

/* Begin PBXNativeTarget section */
		F8FCC86025749F4F0098487D /* PersonalityQuiz */ = {
			isa = PBXNativeTarget;
			buildConfigurationList = F8FCC88E25749F540098487D /* Build configuration list for PBXNativeTarget "PersonalityQuiz" */;
			buildPhases = (
				F8FCC85D25749F4F0098487D /* Sources */,
				F8FCC85E25749F4F0098487D /* Frameworks */,
				F8FCC85F25749F4F0098487D /* Resources */,
			);
			buildRules = (
			);
			dependencies = (
			);
			name = PersonalityQuiz;
			productName = PersonalityQuiz;
			productReference = F8FCC86125749F4F0098487D /* PersonalityQuiz.app */;
			productType = "com.apple.product-type.application";
		};
		F8FCC87925749F540098487D /* PersonalityQuizTests */ = {
			isa = PBXNativeTarget;
			buildConfigurationList = F8FCC89125749F540098487D /* Build configuration list for PBXNativeTarget "PersonalityQuizTests" */;
			buildPhases = (
				F8FCC87625749F540098487D /* Sources */,
				F8FCC87725749F540098487D /* Frameworks */,
				F8FCC87825749F540098487D /* Resources */,
			);
			buildRules = (
			);
			dependencies = (
				F8FCC87C25749F540098487D /* PBXTargetDependency */,
			);
			name = PersonalityQuizTests;
			productName = PersonalityQuizTests;
			productReference = F8FCC87A25749F540098487D /* PersonalityQuizTests.xctest */;
			productType = "com.apple.product-type.bundle.unit-test";
		};
		F8FCC88425749F540098487D /* PersonalityQuizUITests */ = {
			isa = PBXNativeTarget;
			buildConfigurationList = F8FCC89425749F540098487D /* Build configuration list for PBXNativeTarget "PersonalityQuizUITests" */;
			buildPhases = (
				F8FCC88125749F540098487D /* Sources */,
				F8FCC88225749F540098487D /* Frameworks */,
				F8FCC88325749F540098487D /* Resources */,
			);
			buildRules = (
			);
			dependencies = (
				F8FCC88725749F540098487D /* PBXTargetDependency */,
			);
			name = PersonalityQuizUITests;
			productName = PersonalityQuizUITests;
			productReference = F8FCC88525749F540098487D /* PersonalityQuizUITests.xctest */;
			productType = "com.apple.product-type.bundle.ui-testing";
		};
/* End PBXNativeTarget section */

/* Begin PBXProject section */
		F8FCC85925749F4F0098487D /* Project object */ = {
			isa = PBXProject;
			attributes = {
				LastSwiftUpdateCheck = 1210;
				LastUpgradeCheck = 1210;
				TargetAttributes = {
					F8FCC86025749F4F0098487D = {
						CreatedOnToolsVersion = 12.1;
					};
					F8FCC87925749F540098487D = {
						CreatedOnToolsVersion = 12.1;
						TestTargetID = F8FCC86025749F4F0098487D;
					};
					F8FCC88425749F540098487D = {
						CreatedOnToolsVersion = 12.1;
						TestTargetID = F8FCC86025749F4F0098487D;
					};
				};
			};
			buildConfigurationList = F8FCC85C25749F4F0098487D /* Build configuration list for PBXProject "PersonalityQuiz" */;
			compatibilityVersion = "Xcode 9.3";
			developmentRegion = en;
			hasScannedForEncodings = 0;
			knownRegions = (
				en,
				Base,
			);
			mainGroup = F8FCC85825749F4F0098487D;
			productRefGroup = F8FCC86225749F4F0098487D /* Products */;
			projectDirPath = "";
			projectRoot = "";
			targets = (
				F8FCC86025749F4F0098487D /* PersonalityQuiz */,
				F8FCC87925749F540098487D /* PersonalityQuizTests */,
				F8FCC88425749F540098487D /* PersonalityQuizUITests */,
			);
		};
/* End PBXProject section */

/* Begin PBXResourcesBuildPhase section */
		F8FCC85F25749F4F0098487D /* Resources */ = {
			isa = PBXResourcesBuildPhase;
			buildActionMask = 2147483647;
			files = (
				F8FCC87425749F540098487D /* LaunchScreen.storyboard in Resources */,
				F8FCC87125749F540098487D /* Assets.xcassets in Resources */,
				F8FCC86C25749F4F0098487D /* Main.storyboard in Resources */,
			);
			runOnlyForDeploymentPostprocessing = 0;
		};
		F8FCC87825749F540098487D /* Resources */ = {
			isa = PBXResourcesBuildPhase;
			buildActionMask = 2147483647;
			files = (
			);
			runOnlyForDeploymentPostprocessing = 0;
		};
		F8FCC88325749F540098487D /* Resources */ = {
			isa = PBXResourcesBuildPhase;
			buildActionMask = 2147483647;
			files = (
			);
			runOnlyForDeploymentPostprocessing = 0;
		};
/* End PBXResourcesBuildPhase section */

/* Begin PBXSourcesBuildPhase section */
		F8FCC85D25749F4F0098487D /* Sources */ = {
			isa = PBXSourcesBuildPhase;
			buildActionMask = 2147483647;
			files = (
				F8FCC86925749F4F0098487D /* ViewController.swift in Sources */,
				F8FCC86525749F4F0098487D /* AppDelegate.swift in Sources */,
				F8FCC86725749F4F0098487D /* SceneDelegate.swift in Sources */,
				F8FCC86F25749F4F0098487D /* PersonalityQuiz.xcdatamodeld in Sources */,
			);
			runOnlyForDeploymentPostprocessing = 0;
		};
		F8FCC87625749F540098487D /* Sources */ = {
			isa = PBXSourcesBuildPhase;
			buildActionMask = 2147483647;
			files = (
				F8FCC87F25749F540098487D /* PersonalityQuizTests.swift in Sources */,
			);
			runOnlyForDeploymentPostprocessing = 0;
		};
		F8FCC88125749F540098487D /* Sources */ = {
			isa = PBXSourcesBuildPhase;
			buildActionMask = 2147483647;
			files = (
				F8FCC88A25749F540098487D /* PersonalityQuizUITests.swift in Sources */,
			);
			runOnlyForDeploymentPostprocessing = 0;
		};
/* End PBXSourcesBuildPhase section */

/* Begin PBXTargetDependency section */
		F8FCC87C25749F540098487D /* PBXTargetDependency */ = {
			isa = PBXTargetDependency;
			target = F8FCC86025749F4F0098487D /* PersonalityQuiz */;
			targetProxy = F8FCC87B25749F540098487D /* PBXContainerItemProxy */;
		};
		F8FCC88725749F540098487D /* PBXTargetDependency */ = {
			isa = PBXTargetDependency;
			target = F8FCC86025749F4F0098487D /* PersonalityQuiz */;
			targetProxy = F8FCC88625749F540098487D /* PBXContainerItemProxy */;
		};
/* End PBXTargetDependency section */

/* Begin PBXVariantGroup section */
		F8FCC86A25749F4F0098487D /* Main.storyboard */ = {
			isa = PBXVariantGroup;
			children = (
				F8FCC86B25749F4F0098487D /* Base */,
			);
			name = Main.storyboard;
			sourceTree = "<group>";
		};
		F8FCC87225749F540098487D /* LaunchScreen.storyboard */ = {
			isa = PBXVariantGroup;
			children = (
				F8FCC87325749F540098487D /* Base */,
			);
			name = LaunchScreen.storyboard;
			sourceTree = "<group>";
		};
/* End PBXVariantGroup section */

/* Begin XCBuildConfiguration section */
		F8FCC88C25749F540098487D /* Debug */ = {
			isa = XCBuildConfiguration;
			buildSettings = {
				ALWAYS_SEARCH_USER_PATHS = NO;
				CLANG_ANALYZER_NONNULL = YES;
				CLANG_ANALYZER_NUMBER_OBJECT_CONVERSION = YES_AGGRESSIVE;
				CLANG_CXX_LANGUAGE_STANDARD = "gnu++14";
				CLANG_CXX_LIBRARY = "libc++";
				CLANG_ENABLE_MODULES = YES;
				CLANG_ENABLE_OBJC_ARC = YES;
				CLANG_ENABLE_OBJC_WEAK = YES;
				CLANG_WARN_BLOCK_CAPTURE_AUTORELEASING = YES;
				CLANG_WARN_BOOL_CONVERSION = YES;
				CLANG_WARN_COMMA = YES;
				CLANG_WARN_CONSTANT_CONVERSION = YES;
				CLANG_WARN_DEPRECATED_OBJC_IMPLEMENTATIONS = YES;
				CLANG_WARN_DIRECT_OBJC_ISA_USAGE = YES_ERROR;
				CLANG_WARN_DOCUMENTATION_COMMENTS = YES;
				CLANG_WARN_EMPTY_BODY = YES;
				CLANG_WARN_ENUM_CONVERSION = YES;
				CLANG_WARN_INFINITE_RECURSION = YES;
				CLANG_WARN_INT_CONVERSION = YES;
				CLANG_WARN_NON_LITERAL_NULL_CONVERSION = YES;
				CLANG_WARN_OBJC_IMPLICIT_RETAIN_SELF = YES;
				CLANG_WARN_OBJC_LITERAL_CONVERSION = YES;
				CLANG_WARN_OBJC_ROOT_CLASS = YES_ERROR;
				CLANG_WARN_QUOTED_INCLUDE_IN_FRAMEWORK_HEADER = YES;
				CLANG_WARN_RANGE_LOOP_ANALYSIS = YES;
				CLANG_WARN_STRICT_PROTOTYPES = YES;
				CLANG_WARN_SUSPICIOUS_MOVE = YES;
				CLANG_WARN_UNGUARDED_AVAILABILITY = YES_AGGRESSIVE;
				CLANG_WARN_UNREACHABLE_CODE = YES;
				CLANG_WARN__DUPLICATE_METHOD_MATCH = YES;
				COPY_PHASE_STRIP = NO;
				DEBUG_INFORMATION_FORMAT = dwarf;
				ENABLE_STRICT_OBJC_MSGSEND = YES;
				ENABLE_TESTABILITY = YES;
				GCC_C_LANGUAGE_STANDARD = gnu11;
				GCC_DYNAMIC_NO_PIC = NO;
				GCC_NO_COMMON_BLOCKS = YES;
				GCC_OPTIMIZATION_LEVEL = 0;
				GCC_PREPROCESSOR_DEFINITIONS = (
					"DEBUG=1",
					"$(inherited)",
				);
				GCC_WARN_64_TO_32_BIT_CONVERSION = YES;
				GCC_WARN_ABOUT_RETURN_TYPE = YES_ERROR;
				GCC_WARN_UNDECLARED_SELECTOR = YES;
				GCC_WARN_UNINITIALIZED_AUTOS = YES_AGGRESSIVE;
				GCC_WARN_UNUSED_FUNCTION = YES;
				GCC_WARN_UNUSED_VARIABLE = YES;
				IPHONEOS_DEPLOYMENT_TARGET = 14.1;
				MTL_ENABLE_DEBUG_INFO = INCLUDE_SOURCE;
				MTL_FAST_MATH = YES;
				ONLY_ACTIVE_ARCH = YES;
				SDKROOT = iphoneos;
				SWIFT_ACTIVE_COMPILATION_CONDITIONS = DEBUG;
				SWIFT_OPTIMIZATION_LEVEL = "-Onone";
			};
			name = Debug;
		};
		F8FCC88D25749F540098487D /* Release */ = {
			isa = XCBuildConfiguration;
			buildSettings = {
				ALWAYS_SEARCH_USER_PATHS = NO;
				CLANG_ANALYZER_NONNULL = YES;
				CLANG_ANALYZER_NUMBER_OBJECT_CONVERSION = YES_AGGRESSIVE;
				CLANG_CXX_LANGUAGE_STANDARD = "gnu++14";
				CLANG_CXX_LIBRARY = "libc++";
				CLANG_ENABLE_MODULES = YES;
				CLANG_ENABLE_OBJC_ARC = YES;
				CLANG_ENABLE_OBJC_WEAK = YES;
				CLANG_WARN_BLOCK_CAPTURE_AUTORELEASING = YES;
				CLANG_WARN_BOOL_CONVERSION = YES;
				CLANG_WARN_COMMA = YES;
				CLANG_WARN_CONSTANT_CONVERSION = YES;
				CLANG_WARN_DEPRECATED_OBJC_IMPLEMENTATIONS = YES;
				CLANG_WARN_DIRECT_OBJC_ISA_USAGE = YES_ERROR;
				CLANG_WARN_DOCUMENTATION_COMMENTS = YES;
				CLANG_WARN_EMPTY_BODY = YES;
				CLANG_WARN_ENUM_CONVERSION = YES;
				CLANG_WARN_INFINITE_RECURSION = YES;
				CLANG_WARN_INT_CONVERSION = YES;
				CLANG_WARN_NON_LITERAL_NULL_CONVERSION = YES;
				CLANG_WARN_OBJC_IMPLICIT_RETAIN_SELF = YES;
				CLANG_WARN_OBJC_LITERAL_CONVERSION = YES;
				CLANG_WARN_OBJC_ROOT_CLASS = YES_ERROR;
				CLANG_WARN_QUOTED_INCLUDE_IN_FRAMEWORK_HEADER = YES;
				CLANG_WARN_RANGE_LOOP_ANALYSIS = YES;
				CLANG_WARN_STRICT_PROTOTYPES = YES;
				CLANG_WARN_SUSPICIOUS_MOVE = YES;
				CLANG_WARN_UNGUARDED_AVAILABILITY = YES_AGGRESSIVE;
				CLANG_WARN_UNREACHABLE_CODE = YES;
				CLANG_WARN__DUPLICATE_METHOD_MATCH = YES;
				COPY_PHASE_STRIP = NO;
				DEBUG_INFORMATION_FORMAT = "dwarf-with-dsym";
				ENABLE_NS_ASSERTIONS = NO;
				ENABLE_STRICT_OBJC_MSGSEND = YES;
				GCC_C_LANGUAGE_STANDARD = gnu11;
				GCC_NO_COMMON_BLOCKS = YES;
				GCC_WARN_64_TO_32_BIT_CONVERSION = YES;
				GCC_WARN_ABOUT_RETURN_TYPE = YES_ERROR;
				GCC_WARN_UNDECLARED_SELECTOR = YES;
				GCC_WARN_UNINITIALIZED_AUTOS = YES_AGGRESSIVE;
				GCC_WARN_UNUSED_FUNCTION = YES;
				GCC_WARN_UNUSED_VARIABLE = YES;
				IPHONEOS_DEPLOYMENT_TARGET = 14.1;
				MTL_ENABLE_DEBUG_INFO = NO;
				MTL_FAST_MATH = YES;
				SDKROOT = iphoneos;
				SWIFT_COMPILATION_MODE = wholemodule;
				SWIFT_OPTIMIZATION_LEVEL = "-O";
				VALIDATE_PRODUCT = YES;
			};
			name = Release;
		};
		F8FCC88F25749F540098487D /* Debug */ = {
			isa = XCBuildConfiguration;
			buildSettings = {
				ASSETCATALOG_COMPILER_APPICON_NAME = AppIcon;
				ASSETCATALOG_COMPILER_GLOBAL_ACCENT_COLOR_NAME = AccentColor;
				CODE_SIGN_STYLE = Automatic;
				DEVELOPMENT_TEAM = 6W2G2C3992;
				INFOPLIST_FILE = PersonalityQuiz/Info.plist;
				LD_RUNPATH_SEARCH_PATHS = (
					"$(inherited)",
					"@executable_path/Frameworks",
				);
				PRODUCT_BUNDLE_IDENTIFIER = InspireTheNXT.PersonalityQuiz;
				PRODUCT_NAME = "$(TARGET_NAME)";
				SWIFT_VERSION = 5.0;
				TARGETED_DEVICE_FAMILY = "1,2";
			};
			name = Debug;
		};
		F8FCC89025749F540098487D /* Release */ = {
			isa = XCBuildConfiguration;
			buildSettings = {
				ASSETCATALOG_COMPILER_APPICON_NAME = AppIcon;
				ASSETCATALOG_COMPILER_GLOBAL_ACCENT_COLOR_NAME = AccentColor;
				CODE_SIGN_STYLE = Automatic;
				DEVELOPMENT_TEAM = 6W2G2C3992;
				INFOPLIST_FILE = PersonalityQuiz/Info.plist;
				LD_RUNPATH_SEARCH_PATHS = (
					"$(inherited)",
					"@executable_path/Frameworks",
				);
				PRODUCT_BUNDLE_IDENTIFIER = InspireTheNXT.PersonalityQuiz;
				PRODUCT_NAME = "$(TARGET_NAME)";
				SWIFT_VERSION = 5.0;
				TARGETED_DEVICE_FAMILY = "1,2";
			};
			name = Release;
		};
		F8FCC89225749F540098487D /* Debug */ = {
			isa = XCBuildConfiguration;
			buildSettings = {
				ALWAYS_EMBED_SWIFT_STANDARD_LIBRARIES = YES;
				BUNDLE_LOADER = "$(TEST_HOST)";
				CODE_SIGN_STYLE = Automatic;
				DEVELOPMENT_TEAM = 6W2G2C3992;
				INFOPLIST_FILE = PersonalityQuizTests/Info.plist;
				IPHONEOS_DEPLOYMENT_TARGET = 14.1;
				LD_RUNPATH_SEARCH_PATHS = (
					"$(inherited)",
					"@executable_path/Frameworks",
					"@loader_path/Frameworks",
				);
				PRODUCT_BUNDLE_IDENTIFIER = InspireTheNXT.PersonalityQuizTests;
				PRODUCT_NAME = "$(TARGET_NAME)";
				SWIFT_VERSION = 5.0;
				TARGETED_DEVICE_FAMILY = "1,2";
				TEST_HOST = "$(BUILT_PRODUCTS_DIR)/PersonalityQuiz.app/PersonalityQuiz";
			};
			name = Debug;
		};
		F8FCC89325749F540098487D /* Release */ = {
			isa = XCBuildConfiguration;
			buildSettings = {
				ALWAYS_EMBED_SWIFT_STANDARD_LIBRARIES = YES;
				BUNDLE_LOADER = "$(TEST_HOST)";
				CODE_SIGN_STYLE = Automatic;
				DEVELOPMENT_TEAM = 6W2G2C3992;
				INFOPLIST_FILE = PersonalityQuizTests/Info.plist;
				IPHONEOS_DEPLOYMENT_TARGET = 14.1;
				LD_RUNPATH_SEARCH_PATHS = (
					"$(inherited)",
					"@executable_path/Frameworks",
					"@loader_path/Frameworks",
				);
				PRODUCT_BUNDLE_IDENTIFIER = InspireTheNXT.PersonalityQuizTests;
				PRODUCT_NAME = "$(TARGET_NAME)";
				SWIFT_VERSION = 5.0;
				TARGETED_DEVICE_FAMILY = "1,2";
				TEST_HOST = "$(BUILT_PRODUCTS_DIR)/PersonalityQuiz.app/PersonalityQuiz";
			};
			name = Release;
		};
		F8FCC89525749F540098487D /* Debug */ = {
			isa = XCBuildConfiguration;
			buildSettings = {
				ALWAYS_EMBED_SWIFT_STANDARD_LIBRARIES = YES;
				CODE_SIGN_STYLE = Automatic;
				DEVELOPMENT_TEAM = 6W2G2C3992;
				INFOPLIST_FILE = PersonalityQuizUITests/Info.plist;
				LD_RUNPATH_SEARCH_PATHS = (
					"$(inherited)",
					"@executable_path/Frameworks",
					"@loader_path/Frameworks",
				);
				PRODUCT_BUNDLE_IDENTIFIER = InspireTheNXT.PersonalityQuizUITests;
				PRODUCT_NAME = "$(TARGET_NAME)";
				SWIFT_VERSION = 5.0;
				TARGETED_DEVICE_FAMILY = "1,2";
				TEST_TARGET_NAME = PersonalityQuiz;
			};
			name = Debug;
		};
		F8FCC89625749F540098487D /* Release */ = {
			isa = XCBuildConfiguration;
			buildSettings = {
				ALWAYS_EMBED_SWIFT_STANDARD_LIBRARIES = YES;
				CODE_SIGN_STYLE = Automatic;
				DEVELOPMENT_TEAM = 6W2G2C3992;
				INFOPLIST_FILE = PersonalityQuizUITests/Info.plist;
				LD_RUNPATH_SEARCH_PATHS = (
					"$(inherited)",
					"@executable_path/Frameworks",
					"@loader_path/Frameworks",
				);
				PRODUCT_BUNDLE_IDENTIFIER = InspireTheNXT.PersonalityQuizUITests;
				PRODUCT_NAME = "$(TARGET_NAME)";
				SWIFT_VERSION = 5.0;
				TARGETED_DEVICE_FAMILY = "1,2";
				TEST_TARGET_NAME = PersonalityQuiz;
			};
			name = Release;
		};
/* End XCBuildConfiguration section */

/* Begin XCConfigurationList section */
		F8FCC85C25749F4F0098487D /* Build configuration list for PBXProject "PersonalityQuiz" */ = {
			isa = XCConfigurationList;
			buildConfigurations = (
				F8FCC88C25749F540098487D /* Debug */,
				F8FCC88D25749F540098487D /* Release */,
			);
			defaultConfigurationIsVisible = 0;
			defaultConfigurationName = Release;
		};
		F8FCC88E25749F540098487D /* Build configuration list for PBXNativeTarget "PersonalityQuiz" */ = {
			isa = XCConfigurationList;
			buildConfigurations = (
				F8FCC88F25749F540098487D /* Debug */,
				F8FCC89025749F540098487D /* Release */,
			);
			defaultConfigurationIsVisible = 0;
			defaultConfigurationName = Release;
		};
		F8FCC89125749F540098487D /* Build configuration list for PBXNativeTarget "PersonalityQuizTests" */ = {
			isa = XCConfigurationList;
			buildConfigurations = (
				F8FCC89225749F540098487D /* Debug */,
				F8FCC89325749F540098487D /* Release */,
			);
			defaultConfigurationIsVisible = 0;
			defaultConfigurationName = Release;
		};
		F8FCC89425749F540098487D /* Build configuration list for PBXNativeTarget "PersonalityQuizUITests" */ = {
			isa = XCConfigurationList;
			buildConfigurations = (
				F8FCC89525749F540098487D /* Debug */,
				F8FCC89625749F540098487D /* Release */,
			);
			defaultConfigurationIsVisible = 0;
			defaultConfigurationName = Release;
		};
/* End XCConfigurationList section */

/* Begin XCVersionGroup section */
		F8FCC86D25749F4F0098487D /* PersonalityQuiz.xcdatamodeld */ = {
			isa = XCVersionGroup;
			children = (
				F8FCC86E25749F4F0098487D /* PersonalityQuiz.xcdatamodel */,
			);
			currentVersion = F8FCC86E25749F4F0098487D /* PersonalityQuiz.xcdatamodel */;
			path = PersonalityQuiz.xcdatamodeld;
			sourceTree = "<group>";
			versionGroupType = wrapper.xcdatamodel;
		};
/* End XCVersionGroup section */
	};
	rootObject = F8FCC85925749F4F0098487D /* Project object */;
}
